
Microsoft Visual Studio Solution File, Format Version 12.00
# Visual Studio Version 17
VisualStudioVersion = 17.8.34601.278
MinimumVisualStudioVersion = 10.0.40219.1
Project("{8BC9CEB8-8B4A-11D0-8D11-00A0C91BC942}") = "ProyectoFinal", "ProyectoFinal.vcxproj", "{CB0EF225-D51F-475A-B290-C6DE4665FCBC}"
EndProject
Global
	GlobalSection(SolutionConfigurationPlatforms) = preSolution
		Debug|x64 = Debug|x64
		Debug|x86 = Debug|x86
		Release|x64 = Release|x64
		Release|x86 = Release|x86
	EndGlobalSection
	GlobalSection(ProjectConfigurationPlatforms) = postSolution
		{CB0EF225-D51F-475A-B290-C6DE4665FCBC}.Debug|x64.ActiveCfg = Debug|x64
		{CB0EF225-D51F-475A-B290-C6DE4665FCBC}.Debug|x64.Build.0 = Debug|x64
		{CB0EF225-D51F-475A-B290-C6DE4665FCBC}.Debug|x86.ActiveCfg = Debug|Win32
		{CB0EF225-D51F-475A-B290-C6DE4665FCBC}.Debug|x86.Build.0 = Debug|Win32
		{CB0EF225-D51F-475A-B290-C6DE4665FCBC}.Release|x64.ActiveCfg = Release|x64
		{CB0EF225-D51F-475A-B290-C6DE4665FCBC}.Release|x64.Build.0 = Release|x64
		{CB0EF225-D51F-475A-B290-C6DE4665FCBC}.Release|x86.ActiveCfg = Release|Win32
		{CB0EF225-D51F-475A-B290-C6DE4665FCBC}.Release|x86.Build.0 = Release|Win32
	EndGlobalSection
	GlobalSection(SolutionProperties) = preSolution
		HideSolutionNode = FALSE
	EndGlobalSection
	GlobalSection(ExtensibilityGlobals) = postSolution
		SolutionGuid = {13E4E61B-AE43-42F4-8455-55CDD6AEC5F2}
	EndGlobalSection
EndGlobal
